
Microsoft Visual Studio Solution File, Format Version 12.00
# Visual Studio 2017
Project("{FAE04EC0-301F-11D3-BF4B-00C04F79EFBC}") = "Fortress War Online", "Fortress War Online.csproj", "{7CE53BEC-AC45-46B4-74D7-FEC50CE2E686}"
EndProject
Global
	GlobalSection(SolutionConfigurationPlatforms) = preSolution
		Debug|Any CPU = Debug|Any CPU
		Release|Any CPU = Release|Any CPU
	EndGlobalSection
	GlobalSection(ProjectConfigurationPlatforms) = postSolution
		{7CE53BEC-AC45-46B4-74D7-FEC50CE2E686}.Debug|Any CPU.ActiveCfg = Debug|Any CPU
		{7CE53BEC-AC45-46B4-74D7-FEC50CE2E686}.Debug|Any CPU.Build.0 = Debug|Any CPU
		{7CE53BEC-AC45-46B4-74D7-FEC50CE2E686}.Release|Any CPU.ActiveCfg = Release|Any CPU
		{7CE53BEC-AC45-46B4-74D7-FEC50CE2E686}.Release|Any CPU.Build.0 = Release|Any CPU
	EndGlobalSection
	GlobalSection(SolutionProperties) = preSolution
		HideSolutionNode = FALSE
	EndGlobalSection
EndGlobal
